#MicroXplorer Configuration settings - do not modify
Mcu.Family=STM32G4
ProjectManager.MainLocation=Src
RCC.USART1Freq_Value=170000000
VP_SYS_VS_tim6.Mode=TIM6
RCC.SAI1Freq_Value=170000000
RCC.CortexFreq_Value=170000000
ProjectManager.KeepUserCode=true
Mcu.UserName=STM32G431KBTx
NVIC.TIM6_DAC_IRQn=true\:0\:0\:false\:false\:true\:false\:false\:true
PA14.GPIO_Label=T_SWCLK
PA0.GPIO_Label=Thermistor2
ProjectManager.functionlistsort=1-MX_GPIO_Init-GPIO-false-HAL-true,2-SystemClock_Config-RCC-false-HAL-false,3-MX_ADC1_Init-ADC1-false-HAL-true
PA9.GPIOParameters=PinState,GPIO_Label
PA11.GPIOParameters=PinState,GPIO_Label
PB0.GPIO_Label=FAN_PWM
PB6.GPIO_Label=Heater_EN
RCC.USART2Freq_Value=170000000
PA2.GPIOParameters=GPIO_Label
PinOutPanel.RotationAngle=0
RCC.MCO1PinFreq_Value=16000000
RCC.SYSCLKSource=RCC_SYSCLKSOURCE_PLLCLK
ProjectManager.StackSize=0x400
PB5.GPIOParameters=PinState,GPIO_Label
VP_FREERTOS_VS_CMSIS_V2.Mode=CMSIS_V2
RCC.I2C3Freq_Value=170000000
RCC.LPTIM1Freq_Value=170000000
Mcu.IP4=SYS
RCC.FCLKCortexFreq_Value=170000000
Mcu.IP5=TIM3
Mcu.IP2=NVIC
NVIC.SVCall_IRQn=true\:0\:0\:false\:false\:false\:false\:false\:false
Mcu.IP3=RCC
PB4.GPIOParameters=PinState,GPIO_Label
Mcu.IP0=ADC1
Mcu.IP1=FREERTOS
Mcu.UserConstants=
PA10.PinState=GPIO_PIN_RESET
RCC.CodegenConfigPeriph=true
Mcu.ThirdPartyNb=0
RCC.HCLKFreq_Value=170000000
Mcu.IPNb=6
ProjectManager.PreviousToolchain=SW4STM32
RCC.APB2TimFreq_Value=170000000
PB6.Signal=GPIO_Output
PB5.PinState=GPIO_PIN_RESET
PA8.GPIOParameters=PinState,GPIO_Label
Mcu.Pin6=PA8
Mcu.Pin7=PA9
PB8-BOOT0.GPIOParameters=GPIO_Label
Mcu.Pin8=PA10
Mcu.Pin9=PA11
FREERTOS.IPParameters=Tasks01,FootprintOK
RCC.AHBFreq_Value=170000000
Mcu.Pin0=PF0-OSC_IN
Mcu.Pin1=PF1-OSC_OUT
GPIO.groupedBy=Group By Peripherals
Mcu.Pin2=PA0
Mcu.Pin3=PA2
RCC.USART3Freq_Value=170000000
Mcu.Pin4=PA7
Mcu.Pin5=PB0
ADC1.Channel-0\#ChannelRegularConversion=ADC_CHANNEL_1
ProjectManager.ProjectBuild=false
RCC.HSE_VALUE=8000000
NVIC.UsageFault_IRQn=true\:0\:0\:false\:false\:true\:false\:false\:false
PF0-OSC_IN.GPIO_Label=C
PA0.Locked=true
NVIC.DebugMonitor_IRQn=true\:0\:0\:false\:false\:true\:false\:false\:false
PA8.Locked=true
NVIC.SysTick_IRQn=true\:15\:0\:false\:false\:false\:true\:false\:false
RCC.ADC12Freq_Value=170000000
ProjectManager.FirmwarePackage=STM32Cube FW_G4 V1.2.0
MxDb.Version=DB.5.0.60
PB0.GPIOParameters=GPIO_Label
ProjectManager.BackupPrevious=false
RCC.VCOInputFreq_Value=4000000
PA14.Mode=Serial_Wire
PF0-OSC_IN.Locked=true
File.Version=6
PA10.GPIO_Label=DIG2_CA
PA0.Mode=IN1-Single-Ended
VP_SYS_VS_DBSignals.Mode=DisableDeadBatterySignals
PB3.GPIOParameters=GPIO_Label
PA8.Signal=GPIO_Output
RCC.PLLRCLKFreq_Value=170000000
PB6.Locked=true
NVIC.PendSV_IRQn=true\:15\:0\:false\:false\:false\:true\:false\:false
PB6.GPIOParameters=GPIO_Label
ProjectManager.HalAssertFull=false
PB0.Locked=true
ADC1.SamplingTime-0\#ChannelRegularConversion=ADC_SAMPLETIME_2CYCLES_5
RCC.CRSFreq_Value=48000000
ProjectManager.ProjectName=P1
PA0.Signal=ADC1_IN1
PA13.GPIOParameters=GPIO_Label
Mcu.Package=LQFP32
PA7.Locked=true
NVIC.TimeBase=TIM6_DAC_IRQn
PA14.Locked=true
ProjectManager.ToolChainLocation=
PA2.GPIO_Label=SW_UP
RCC.LSI_VALUE=32000
NVIC.TimeBaseIP=TIM6
RCC.LSCOPinFreq_Value=32000
PA10.Signal=GPIO_Output
FREERTOS.FootprintOK=true
PB8-BOOT0.GPIO_Label=LD2 [green]
TIM3.PeriodNoDither=10000
PB5.GPIO_Label=F
RCC.PLLPoutputFreq_Value=170000000
RCC.APB1TimFreq_Value=170000000
NVIC.BusFault_IRQn=true\:0\:0\:false\:false\:true\:false\:false\:false
RCC.LPUART1Freq_Value=170000000
PB4.PinState=GPIO_PIN_RESET
ProjectManager.CustomerFirmwarePackage=
VP_TIM3_VS_ClockSourceINT.Mode=Internal
PF1-OSC_OUT.Signal=GPIO_Output
RCC.HSI48_VALUE=48000000
PA8.PinState=GPIO_PIN_RESET
PB3.Locked=true
PB4.Signal=GPIO_Output
PF1-OSC_OUT.PinState=GPIO_PIN_RESET
PA2.Locked=true
PB3.GPIO_Label=G
RCC.I2SFreq_Value=170000000
RCC.PLLQoutputFreq_Value=170000000
ProjectManager.ProjectFileName=P1.ioc
FREERTOS.Tasks01=blink01,24,128,Startblink01,Default,NULL,Dynamic,NULL,NULL;blink02,16,128,Startblink02,Default,NULL,Dynamic,NULL,NULL
ADC1.Rank-0\#ChannelRegularConversion=1
Mcu.PinsNb=21
ProjectManager.NoMain=false
ADC1.IPParameters=Rank-0\#ChannelRegularConversion,Channel-0\#ChannelRegularConversion,SamplingTime-0\#ChannelRegularConversion,OffsetNumber-0\#ChannelRegularConversion,NbrOfConversionFlag,master
ADC1.OffsetNumber-0\#ChannelRegularConversion=ADC_OFFSET_NONE
PA9.GPIO_Label=DIG1_CA
PA11.GPIO_Label=B
RCC.EXTERNAL_CLOCK_VALUE=12288000
ProjectManager.DefaultFWLocation=true
ProjectManager.DeletePrevious=true
PF1-OSC_OUT.Locked=true
PF0-OSC_IN.PinState=GPIO_PIN_RESET
boardIOC=true
SH.S_TIM3_CH3.0=TIM3_CH3,PWM Generation3 CH3
RCC.FamilyName=M
PB8-BOOT0.Locked=true
PA13.Signal=SYS_JTMS-SWDIO
TIM3.Channel-PWM\ Generation3\ CH3=TIM_CHANNEL_3
PA11.Locked=true
PA8.GPIO_Label=D
ProjectManager.TargetToolchain=SW4STM32
SH.S_TIM3_CH3.ConfNb=1
PA9.Signal=GPIO_Output
PB5.Locked=true
PA9.PinState=GPIO_PIN_RESET
RCC.USBFreq_Value=170000000
VP_TIM3_VS_ClockSourceINT.Signal=TIM3_VS_ClockSourceINT
RCC.LSE_VALUE=32768
PF1-OSC_OUT.GPIOParameters=PinState,GPIO_Label
PB8-BOOT0.Signal=GPIO_Output
board=NUCLEO-G431KB
RCC.VCOOutputFreq_Value=340000000
ProjectManager.LastFirmware=true
VP_SYS_VS_tim6.Signal=SYS_VS_tim6
RCC.APB2Freq_Value=170000000
RCC.UART4Freq_Value=170000000
MxCube.Version=5.6.0
PB4.GPIO_Label=A
RCC.I2C1Freq_Value=170000000
VP_SYS_VS_DBSignals.Signal=SYS_VS_DBSignals
RCC.FDCANFreq_Value=170000000
RCC.RNGFreq_Value=170000000
PF1-OSC_OUT.GPIO_Label=E
PA10.GPIOParameters=PinState,GPIO_Label
TIM3.IPParameters=Channel-PWM Generation3 CH3,PeriodNoDither
PA9.Locked=true
NVIC.NonMaskableInt_IRQn=true\:0\:0\:false\:false\:true\:false\:false\:false
PA13.Mode=Serial_Wire
ProjectManager.FreePins=false
RCC.IPParameters=ADC12Freq_Value,AHBFreq_Value,APB1Freq_Value,APB1TimFreq_Value,APB2Freq_Value,APB2TimFreq_Value,CRSFreq_Value,CodegenConfigPeriph,CortexFreq_Value,EXTERNAL_CLOCK_VALUE,FCLKCortexFreq_Value,FDCANFreq_Value,FamilyName,HCLKFreq_Value,HSE_VALUE,HSI48_VALUE,HSI_VALUE,I2C1Freq_Value,I2C2Freq_Value,I2C3Freq_Value,I2SFreq_Value,LPTIM1Freq_Value,LPUART1Freq_Value,LSCOPinFreq_Value,LSE_VALUE,LSI_VALUE,MCO1PinFreq_Value,PLLM,PLLN,PLLPoutputFreq_Value,PLLQoutputFreq_Value,PLLRCLKFreq_Value,PWRFreq_Value,RNGFreq_Value,SAI1Freq_Value,SYSCLKFreq_VALUE,SYSCLKSource,UART4Freq_Value,USART1Freq_Value,USART2Freq_Value,USART3Freq_Value,USBFreq_Value,VCOInputFreq_Value,VCOOutputFreq_Value
ProjectManager.AskForMigrate=true
Mcu.Name=STM32G431K(6-8-B)Tx
PA13.GPIO_Label=T_SWDIO
PA2.Signal=GPIO_Input
ProjectManager.UnderRoot=true
VP_FREERTOS_VS_CMSIS_V2.Signal=FREERTOS_VS_CMSIS_V2
ProjectManager.CoupleFile=false
PB4.Locked=true
PB3.Signal=GPIO_Output
RCC.SYSCLKFreq_VALUE=170000000
PB5.Signal=GPIO_Output
PA7.GPIO_Label=SW_DOWN
Mcu.Pin20=VP_TIM3_VS_ClockSourceINT
ADC1.master=1
PA10.Locked=true
NVIC.ForceEnableDMAVector=true
KeepUserPlacement=false
PA14.GPIOParameters=GPIO_Label
NVIC.MemoryManagement_IRQn=true\:0\:0\:false\:false\:true\:false\:false\:false
PA13.Locked=true
ProjectManager.CompilerOptimize=6
PA11.Signal=GPIO_Output
PA14.Signal=SYS_JTCK-SWCLK
ProjectManager.HeapSize=0x200
PA0.GPIOParameters=GPIO_Label
Mcu.Pin15=PB6
NVIC.HardFault_IRQn=true\:0\:0\:false\:false\:true\:false\:false\:false
Mcu.Pin16=PB8-BOOT0
Mcu.Pin13=PB4
Mcu.Pin14=PB5
Mcu.Pin19=VP_SYS_VS_DBSignals
ProjectManager.ComputerToolchain=false
Mcu.Pin17=VP_FREERTOS_VS_CMSIS_V2
RCC.HSI_VALUE=16000000
Mcu.Pin18=VP_SYS_VS_tim6
NVIC.PriorityGroup=NVIC_PRIORITYGROUP_4
ADC1.NbrOfConversionFlag=1
Mcu.Pin11=PA14
Mcu.Pin12=PB3
RCC.PLLM=RCC_PLLM_DIV4
RCC.PLLN=85
Mcu.Pin10=PA13
RCC.PWRFreq_Value=170000000
PF0-OSC_IN.Signal=GPIO_Output
PF0-OSC_IN.GPIOParameters=PinState,GPIO_Label
RCC.I2C2Freq_Value=170000000
PA11.PinState=GPIO_PIN_RESET
RCC.APB1Freq_Value=170000000
PB0.Signal=S_TIM3_CH3
PA7.GPIOParameters=GPIO_Label
ProjectManager.DeviceId=STM32G431KBTx
ProjectManager.LibraryCopy=1
PA7.Signal=GPIO_Input
